
Microsoft Visual Studio Solution File, Format Version 12.00
# Visual Studio 14
VisualStudioVersion = 14.0.25420.1
MinimumVisualStudioVersion = 10.0.40219.1
Project("{2150E333-8FDC-42A3-9474-1A3956D46DE8}") = "src", "src", "{E3DF0821-77E4-4E01-8B94-348004DA046C}"
EndProject
Project("{2150E333-8FDC-42A3-9474-1A3956D46DE8}") = "Solution Items", "Solution Items", "{9CF20DB0-586C-42D6-B5E2-00E0B68635B6}"
	ProjectSection(SolutionItems) = preProject
		global.json = global.json
	EndProjectSection
EndProject
Project("{2150E333-8FDC-42A3-9474-1A3956D46DE8}") = "2 - UnitOfWork", "2 - UnitOfWork", "{E2BD0B4B-F159-457E-BC3D-A2194B560A92}"
EndProject
Project("{8BB2217D-0F2D-49D1-97BC-3654ED321F3B}") = "EfSwitcher.UnitOfWork.Abstractions", "src\EfSwitcher.UnitOfWork.Abstractions\EfSwitcher.UnitOfWork.Abstractions.xproj", "{38C15568-6120-42F8-AF01-9E7329FDC3E6}"
EndProject
Project("{2150E333-8FDC-42A3-9474-1A3956D46DE8}") = "3 - Repository", "3 - Repository", "{CFB0D617-7EFC-4CB8-B97E-1992406C166C}"
EndProject
Project("{8BB2217D-0F2D-49D1-97BC-3654ED321F3B}") = "EfSwitcher.Repository.Abstractions", "src\EfSwitcher.Repository.Abstractions\EfSwitcher.Repository.Abstractions.xproj", "{BAAD5BBE-4CFA-45D1-A651-5C95C6511ED8}"
EndProject
Project("{8BB2217D-0F2D-49D1-97BC-3654ED321F3B}") = "EfSwitcher.Repository.Ef6", "src\EfSwitcher.Repository.Ef6\EfSwitcher.Repository.Ef6.xproj", "{87A7BF4A-FF29-432D-ABDC-E387DFFFA7C1}"
EndProject
Project("{8BB2217D-0F2D-49D1-97BC-3654ED321F3B}") = "EfSwitcher.Repository.EfCore", "src\EfSwitcher.Repository.EfCore\EfSwitcher.Repository.EfCore.xproj", "{A510C9CA-B4C2-4C8A-A78F-08CA3ECF3BC3}"
EndProject
Project("{2150E333-8FDC-42A3-9474-1A3956D46DE8}") = "sample", "sample", "{7B181C24-F79F-41E4-AF9D-B47960A92CB4}"
EndProject
Project("{2150E333-8FDC-42A3-9474-1A3956D46DE8}") = "App", "App", "{0192531A-AA81-4228-92C4-4492E2942406}"
EndProject
Project("{2150E333-8FDC-42A3-9474-1A3956D46DE8}") = "Data", "Data", "{37387E4B-C6DA-44A4-A028-11B8E1B783F6}"
EndProject
Project("{8BB2217D-0F2D-49D1-97BC-3654ED321F3B}") = "EfSwitcher.Sample.Data", "sample\EfSwitcher.Sample.Data\EfSwitcher.Sample.Data.xproj", "{F0BA81EB-E7DE-4D4F-BA80-0B43D1DBA31C}"
EndProject
Project("{8BB2217D-0F2D-49D1-97BC-3654ED321F3B}") = "EfSwitcher.Sample.Api", "sample\EfSwitcher.Sample.Api\EfSwitcher.Sample.Api.xproj", "{1729BEAB-1731-44C1-AA15-15269E5FC730}"
EndProject
Project("{2150E333-8FDC-42A3-9474-1A3956D46DE8}") = "1 - DbContexts", "1 - DbContexts", "{E22B7E02-89A5-4229-BAB0-C80359105296}"
EndProject
Project("{8BB2217D-0F2D-49D1-97BC-3654ED321F3B}") = "EfSwitcher.DataContext.Ef6", "src\EfSwitcher.DataContext.Ef6\EfSwitcher.DataContext.Ef6.xproj", "{7C97B3B8-978D-43BD-B3B1-AC7BCF070499}"
EndProject
Project("{8BB2217D-0F2D-49D1-97BC-3654ED321F3B}") = "EfSwitcher.DataContext.EfCore", "src\EfSwitcher.DataContext.EfCore\EfSwitcher.DataContext.EfCore.xproj", "{A0D8FF0C-1646-4154-BC45-B80BF995E35F}"
EndProject
Global
	GlobalSection(SolutionConfigurationPlatforms) = preSolution
		Debug|Any CPU = Debug|Any CPU
		Release|Any CPU = Release|Any CPU
	EndGlobalSection
	GlobalSection(ProjectConfigurationPlatforms) = postSolution
		{38C15568-6120-42F8-AF01-9E7329FDC3E6}.Debug|Any CPU.ActiveCfg = Debug|Any CPU
		{38C15568-6120-42F8-AF01-9E7329FDC3E6}.Debug|Any CPU.Build.0 = Debug|Any CPU
		{38C15568-6120-42F8-AF01-9E7329FDC3E6}.Release|Any CPU.ActiveCfg = Release|Any CPU
		{38C15568-6120-42F8-AF01-9E7329FDC3E6}.Release|Any CPU.Build.0 = Release|Any CPU
		{BAAD5BBE-4CFA-45D1-A651-5C95C6511ED8}.Debug|Any CPU.ActiveCfg = Debug|Any CPU
		{BAAD5BBE-4CFA-45D1-A651-5C95C6511ED8}.Debug|Any CPU.Build.0 = Debug|Any CPU
		{BAAD5BBE-4CFA-45D1-A651-5C95C6511ED8}.Release|Any CPU.ActiveCfg = Release|Any CPU
		{BAAD5BBE-4CFA-45D1-A651-5C95C6511ED8}.Release|Any CPU.Build.0 = Release|Any CPU
		{87A7BF4A-FF29-432D-ABDC-E387DFFFA7C1}.Debug|Any CPU.ActiveCfg = Debug|Any CPU
		{87A7BF4A-FF29-432D-ABDC-E387DFFFA7C1}.Debug|Any CPU.Build.0 = Debug|Any CPU
		{87A7BF4A-FF29-432D-ABDC-E387DFFFA7C1}.Release|Any CPU.ActiveCfg = Release|Any CPU
		{87A7BF4A-FF29-432D-ABDC-E387DFFFA7C1}.Release|Any CPU.Build.0 = Release|Any CPU
		{A510C9CA-B4C2-4C8A-A78F-08CA3ECF3BC3}.Debug|Any CPU.ActiveCfg = Debug|Any CPU
		{A510C9CA-B4C2-4C8A-A78F-08CA3ECF3BC3}.Debug|Any CPU.Build.0 = Debug|Any CPU
		{A510C9CA-B4C2-4C8A-A78F-08CA3ECF3BC3}.Release|Any CPU.ActiveCfg = Release|Any CPU
		{A510C9CA-B4C2-4C8A-A78F-08CA3ECF3BC3}.Release|Any CPU.Build.0 = Release|Any CPU
		{F0BA81EB-E7DE-4D4F-BA80-0B43D1DBA31C}.Debug|Any CPU.ActiveCfg = Debug|Any CPU
		{F0BA81EB-E7DE-4D4F-BA80-0B43D1DBA31C}.Debug|Any CPU.Build.0 = Debug|Any CPU
		{F0BA81EB-E7DE-4D4F-BA80-0B43D1DBA31C}.Release|Any CPU.ActiveCfg = Release|Any CPU
		{F0BA81EB-E7DE-4D4F-BA80-0B43D1DBA31C}.Release|Any CPU.Build.0 = Release|Any CPU
		{1729BEAB-1731-44C1-AA15-15269E5FC730}.Debug|Any CPU.ActiveCfg = Debug|Any CPU
		{1729BEAB-1731-44C1-AA15-15269E5FC730}.Debug|Any CPU.Build.0 = Debug|Any CPU
		{1729BEAB-1731-44C1-AA15-15269E5FC730}.Release|Any CPU.ActiveCfg = Release|Any CPU
		{1729BEAB-1731-44C1-AA15-15269E5FC730}.Release|Any CPU.Build.0 = Release|Any CPU
		{7C97B3B8-978D-43BD-B3B1-AC7BCF070499}.Debug|Any CPU.ActiveCfg = Debug|Any CPU
		{7C97B3B8-978D-43BD-B3B1-AC7BCF070499}.Debug|Any CPU.Build.0 = Debug|Any CPU
		{7C97B3B8-978D-43BD-B3B1-AC7BCF070499}.Release|Any CPU.ActiveCfg = Release|Any CPU
		{7C97B3B8-978D-43BD-B3B1-AC7BCF070499}.Release|Any CPU.Build.0 = Release|Any CPU
		{A0D8FF0C-1646-4154-BC45-B80BF995E35F}.Debug|Any CPU.ActiveCfg = Debug|Any CPU
		{A0D8FF0C-1646-4154-BC45-B80BF995E35F}.Debug|Any CPU.Build.0 = Debug|Any CPU
		{A0D8FF0C-1646-4154-BC45-B80BF995E35F}.Release|Any CPU.ActiveCfg = Release|Any CPU
		{A0D8FF0C-1646-4154-BC45-B80BF995E35F}.Release|Any CPU.Build.0 = Release|Any CPU
	EndGlobalSection
	GlobalSection(SolutionProperties) = preSolution
		HideSolutionNode = FALSE
	EndGlobalSection
	GlobalSection(NestedProjects) = preSolution
		{E2BD0B4B-F159-457E-BC3D-A2194B560A92} = {E3DF0821-77E4-4E01-8B94-348004DA046C}
		{38C15568-6120-42F8-AF01-9E7329FDC3E6} = {E2BD0B4B-F159-457E-BC3D-A2194B560A92}
		{CFB0D617-7EFC-4CB8-B97E-1992406C166C} = {E3DF0821-77E4-4E01-8B94-348004DA046C}
		{BAAD5BBE-4CFA-45D1-A651-5C95C6511ED8} = {CFB0D617-7EFC-4CB8-B97E-1992406C166C}
		{87A7BF4A-FF29-432D-ABDC-E387DFFFA7C1} = {CFB0D617-7EFC-4CB8-B97E-1992406C166C}
		{A510C9CA-B4C2-4C8A-A78F-08CA3ECF3BC3} = {CFB0D617-7EFC-4CB8-B97E-1992406C166C}
		{0192531A-AA81-4228-92C4-4492E2942406} = {7B181C24-F79F-41E4-AF9D-B47960A92CB4}
		{37387E4B-C6DA-44A4-A028-11B8E1B783F6} = {7B181C24-F79F-41E4-AF9D-B47960A92CB4}
		{F0BA81EB-E7DE-4D4F-BA80-0B43D1DBA31C} = {37387E4B-C6DA-44A4-A028-11B8E1B783F6}
		{1729BEAB-1731-44C1-AA15-15269E5FC730} = {0192531A-AA81-4228-92C4-4492E2942406}
		{E22B7E02-89A5-4229-BAB0-C80359105296} = {E3DF0821-77E4-4E01-8B94-348004DA046C}
		{7C97B3B8-978D-43BD-B3B1-AC7BCF070499} = {E22B7E02-89A5-4229-BAB0-C80359105296}
		{A0D8FF0C-1646-4154-BC45-B80BF995E35F} = {E22B7E02-89A5-4229-BAB0-C80359105296}
	EndGlobalSection
EndGlobal
